// !$*UTF8*$!
{
	archiveVersion = 1;
	classes = {
	};
	objectVersion = 46;
	objects = {

/* Begin PBXBuildFile section */
		4F4517481BF61F05009B359A /* SecondViewController.swift in Sources */ = {isa = PBXBuildFile; fileRef = 4F4517471BF61F05009B359A /* SecondViewController.swift */; settings = {ASSET_TAGS = (); }; };
		4F45174A1BF62791009B359A /* PrimerViewController.swift in Sources */ = {isa = PBXBuildFile; fileRef = 4F4517491BF62791009B359A /* PrimerViewController.swift */; settings = {ASSET_TAGS = (); }; };
		4F45174C1BF6C2C2009B359A /* ThirdViewController.swift in Sources */ = {isa = PBXBuildFile; fileRef = 4F45174B1BF6C2C2009B359A /* ThirdViewController.swift */; settings = {ASSET_TAGS = (); }; };
		4F45174E1BF6C2D9009B359A /* ForthViewController.swift in Sources */ = {isa = PBXBuildFile; fileRef = 4F45174D1BF6C2D9009B359A /* ForthViewController.swift */; settings = {ASSET_TAGS = (); }; };
		4F4517501BF6C2F0009B359A /* FifthViewController.swift in Sources */ = {isa = PBXBuildFile; fileRef = 4F45174F1BF6C2F0009B359A /* FifthViewController.swift */; settings = {ASSET_TAGS = (); }; };
		4F4517521BF6C326009B359A /* SixthViewController.swift in Sources */ = {isa = PBXBuildFile; fileRef = 4F4517511BF6C326009B359A /* SixthViewController.swift */; settings = {ASSET_TAGS = (); }; };
		4F4517541BF6F4F0009B359A /* Pizza.swift in Sources */ = {isa = PBXBuildFile; fileRef = 4F4517531BF6F4F0009B359A /* Pizza.swift */; settings = {ASSET_TAGS = (); }; };
		4FE4EDF71BF3F66B00FB7185 /* AppDelegate.swift in Sources */ = {isa = PBXBuildFile; fileRef = 4FE4EDF61BF3F66B00FB7185 /* AppDelegate.swift */; };
		4FE4EDF91BF3F66B00FB7185 /* ViewController.swift in Sources */ = {isa = PBXBuildFile; fileRef = 4FE4EDF81BF3F66B00FB7185 /* ViewController.swift */; };
		4FE4EDFC1BF3F66B00FB7185 /* Main.storyboard in Resources */ = {isa = PBXBuildFile; fileRef = 4FE4EDFA1BF3F66B00FB7185 /* Main.storyboard */; };
		4FE4EDFE1BF3F66B00FB7185 /* Assets.xcassets in Resources */ = {isa = PBXBuildFile; fileRef = 4FE4EDFD1BF3F66B00FB7185 /* Assets.xcassets */; };
		4FE4EE011BF3F66B00FB7185 /* LaunchScreen.storyboard in Resources */ = {isa = PBXBuildFile; fileRef = 4FE4EDFF1BF3F66B00FB7185 /* LaunchScreen.storyboard */; };
/* End PBXBuildFile section */

/* Begin PBXFileReference section */
		4F4517471BF61F05009B359A /* SecondViewController.swift */ = {isa = PBXFileReference; fileEncoding = 4; lastKnownFileType = sourcecode.swift; path = SecondViewController.swift; sourceTree = "<group>"; };
		4F4517491BF62791009B359A /* PrimerViewController.swift */ = {isa = PBXFileReference; fileEncoding = 4; lastKnownFileType = sourcecode.swift; path = PrimerViewController.swift; sourceTree = "<group>"; };
		4F45174B1BF6C2C2009B359A /* ThirdViewController.swift */ = {isa = PBXFileReference; fileEncoding = 4; lastKnownFileType = sourcecode.swift; path = ThirdViewController.swift; sourceTree = "<group>"; };
		4F45174D1BF6C2D9009B359A /* ForthViewController.swift */ = {isa = PBXFileReference; fileEncoding = 4; lastKnownFileType = sourcecode.swift; path = ForthViewController.swift; sourceTree = "<group>"; };
		4F45174F1BF6C2F0009B359A /* FifthViewController.swift */ = {isa = PBXFileReference; fileEncoding = 4; lastKnownFileType = sourcecode.swift; path = FifthViewController.swift; sourceTree = "<group>"; };
		4F4517511BF6C326009B359A /* SixthViewController.swift */ = {isa = PBXFileReference; fileEncoding = 4; lastKnownFileType = sourcecode.swift; path = SixthViewController.swift; sourceTree = "<group>"; };
		4F4517531BF6F4F0009B359A /* Pizza.swift */ = {isa = PBXFileReference; fileEncoding = 4; lastKnownFileType = sourcecode.swift; path = Pizza.swift; sourceTree = "<group>"; };
		4FE4EDF31BF3F66B00FB7185 /* PizzaPlace.app */ = {isa = PBXFileReference; explicitFileType = wrapper.application; includeInIndex = 0; path = PizzaPlace.app; sourceTree = BUILT_PRODUCTS_DIR; };
		4FE4EDF61BF3F66B00FB7185 /* AppDelegate.swift */ = {isa = PBXFileReference; lastKnownFileType = sourcecode.swift; path = AppDelegate.swift; sourceTree = "<group>"; };
		4FE4EDF81BF3F66B00FB7185 /* ViewController.swift */ = {isa = PBXFileReference; lastKnownFileType = sourcecode.swift; path = ViewController.swift; sourceTree = "<group>"; };
		4FE4EDFB1BF3F66B00FB7185 /* Base */ = {isa = PBXFileReference; lastKnownFileType = file.storyboard; name = Base; path = Base.lproj/Main.storyboard; sourceTree = "<group>"; };
		4FE4EDFD1BF3F66B00FB7185 /* Assets.xcassets */ = {isa = PBXFileReference; lastKnownFileType = folder.assetcatalog; path = Assets.xcassets; sourceTree = "<group>"; };
		4FE4EE001BF3F66B00FB7185 /* Base */ = {isa = PBXFileReference; lastKnownFileType = file.storyboard; name = Base; path = Base.lproj/LaunchScreen.storyboard; sourceTree = "<group>"; };
		4FE4EE021BF3F66B00FB7185 /* Info.plist */ = {isa = PBXFileReference; lastKnownFileType = text.plist.xml; path = Info.plist; sourceTree = "<group>"; };
/* End PBXFileReference section */

/* Begin PBXFrameworksBuildPhase section */
		4FE4EDF01BF3F66B00FB7185 /* Frameworks */ = {
			isa = PBXFrameworksBuildPhase;
			buildActionMask = 2147483647;
			files = (
			);
			runOnlyForDeploymentPostprocessing = 0;
		};
/* End PBXFrameworksBuildPhase section */

/* Begin PBXGroup section */
		4FE4EDEA1BF3F66B00FB7185 = {
			isa = PBXGroup;
			children = (
				4F4517531BF6F4F0009B359A /* Pizza.swift */,
				4FE4EDF51BF3F66B00FB7185 /* PizzaPlace */,
				4FE4EDF41BF3F66B00FB7185 /* Products */,
			);
			sourceTree = "<group>";
		};
		4FE4EDF41BF3F66B00FB7185 /* Products */ = {
			isa = PBXGroup;
			children = (
				4FE4EDF31BF3F66B00FB7185 /* PizzaPlace.app */,
			);
			name = Products;
			sourceTree = "<group>";
		};
		4FE4EDF51BF3F66B00FB7185 /* PizzaPlace */ = {
			isa = PBXGroup;
			children = (
				4FE4EDF61BF3F66B00FB7185 /* AppDelegate.swift */,
				4FE4EDF81BF3F66B00FB7185 /* ViewController.swift */,
				4FE4EDFA1BF3F66B00FB7185 /* Main.storyboard */,
				4F4517511BF6C326009B359A /* SixthViewController.swift */,
				4FE4EDFD1BF3F66B00FB7185 /* Assets.xcassets */,
				4F4517471BF61F05009B359A /* SecondViewController.swift */,
				4F4517491BF62791009B359A /* PrimerViewController.swift */,
				4FE4EDFF1BF3F66B00FB7185 /* LaunchScreen.storyboard */,
				4FE4EE021BF3F66B00FB7185 /* Info.plist */,
				4F45174B1BF6C2C2009B359A /* ThirdViewController.swift */,
				4F45174D1BF6C2D9009B359A /* ForthViewController.swift */,
				4F45174F1BF6C2F0009B359A /* FifthViewController.swift */,
			);
			path = PizzaPlace;
			sourceTree = "<group>";
		};
/* End PBXGroup section */

/* Begin PBXNativeTarget section */
		4FE4EDF21BF3F66B00FB7185 /* PizzaPlace */ = {
			isa = PBXNativeTarget;
			buildConfigurationList = 4FE4EE051BF3F66B00FB7185 /* Build configuration list for PBXNativeTarget "PizzaPlace" */;
			buildPhases = (
				4FE4EDEF1BF3F66B00FB7185 /* Sources */,
				4FE4EDF01BF3F66B00FB7185 /* Frameworks */,
				4FE4EDF11BF3F66B00FB7185 /* Resources */,
			);
			buildRules = (
			);
			dependencies = (
			);
			name = PizzaPlace;
			productName = PizzaPlace;
			productReference = 4FE4EDF31BF3F66B00FB7185 /* PizzaPlace.app */;
			productType = "com.apple.product-type.application";
		};
/* End PBXNativeTarget section */

/* Begin PBXProject section */
		4FE4EDEB1BF3F66B00FB7185 /* Project object */ = {
			isa = PBXProject;
			attributes = {
				LastUpgradeCheck = 0700;
				ORGANIZATIONNAME = "Carlos Brito";
				TargetAttributes = {
					4FE4EDF21BF3F66B00FB7185 = {
						CreatedOnToolsVersion = 7.0.1;
					};
				};
			};
			buildConfigurationList = 4FE4EDEE1BF3F66B00FB7185 /* Build configuration list for PBXProject "PizzaPlace" */;
			compatibilityVersion = "Xcode 3.2";
			developmentRegion = English;
			hasScannedForEncodings = 0;
			knownRegions = (
				en,
				Base,
			);
			mainGroup = 4FE4EDEA1BF3F66B00FB7185;
			productRefGroup = 4FE4EDF41BF3F66B00FB7185 /* Products */;
			projectDirPath = "";
			projectRoot = "";
			targets = (
				4FE4EDF21BF3F66B00FB7185 /* PizzaPlace */,
			);
		};
/* End PBXProject section */

/* Begin PBXResourcesBuildPhase section */
		4FE4EDF11BF3F66B00FB7185 /* Resources */ = {
			isa = PBXResourcesBuildPhase;
			buildActionMask = 2147483647;
			files = (
				4FE4EE011BF3F66B00FB7185 /* LaunchScreen.storyboard in Resources */,
				4FE4EDFE1BF3F66B00FB7185 /* Assets.xcassets in Resources */,
				4FE4EDFC1BF3F66B00FB7185 /* Main.storyboard in Resources */,
			);
			runOnlyForDeploymentPostprocessing = 0;
		};
/* End PBXResourcesBuildPhase section */

/* Begin PBXSourcesBuildPhase section */
		4FE4EDEF1BF3F66B00FB7185 /* Sources */ = {
			isa = PBXSourcesBuildPhase;
			buildActionMask = 2147483647;
			files = (
				4F45174E1BF6C2D9009B359A /* ForthViewController.swift in Sources */,
				4F4517481BF61F05009B359A /* SecondViewController.swift in Sources */,
				4F4517541BF6F4F0009B359A /* Pizza.swift in Sources */,
				4FE4EDF91BF3F66B00FB7185 /* ViewController.swift in Sources */,
				4F4517521BF6C326009B359A /* SixthViewController.swift in Sources */,
				4F45174C1BF6C2C2009B359A /* ThirdViewController.swift in Sources */,
				4FE4EDF71BF3F66B00FB7185 /* AppDelegate.swift in Sources */,
				4F45174A1BF62791009B359A /* PrimerViewController.swift in Sources */,
				4F4517501BF6C2F0009B359A /* FifthViewController.swift in Sources */,
			);
			runOnlyForDeploymentPostprocessing = 0;
		};
/* End PBXSourcesBuildPhase section */

/* Begin PBXVariantGroup section */
		4FE4EDFA1BF3F66B00FB7185 /* Main.storyboard */ = {
			isa = PBXVariantGroup;
			children = (
				4FE4EDFB1BF3F66B00FB7185 /* Base */,
			);
			name = Main.storyboard;
			sourceTree = "<group>";
		};
		4FE4EDFF1BF3F66B00FB7185 /* LaunchScreen.storyboard */ = {
			isa = PBXVariantGroup;
			children = (
				4FE4EE001BF3F66B00FB7185 /* Base */,
			);
			name = LaunchScreen.storyboard;
			sourceTree = "<group>";
		};
/* End PBXVariantGroup section */

/* Begin XCBuildConfiguration section */
		4FE4EE031BF3F66B00FB7185 /* Debug */ = {
			isa = XCBuildConfiguration;
			buildSettings = {
				ALWAYS_SEARCH_USER_PATHS = NO;
				CLANG_CXX_LANGUAGE_STANDARD = "gnu++0x";
				CLANG_CXX_LIBRARY = "libc++";
				CLANG_ENABLE_MODULES = YES;
				CLANG_ENABLE_OBJC_ARC = YES;
				CLANG_WARN_BOOL_CONVERSION = YES;
				CLANG_WARN_CONSTANT_CONVERSION = YES;
				CLANG_WARN_DIRECT_OBJC_ISA_USAGE = YES_ERROR;
				CLANG_WARN_EMPTY_BODY = YES;
				CLANG_WARN_ENUM_CONVERSION = YES;
				CLANG_WARN_INT_CONVERSION = YES;
				CLANG_WARN_OBJC_ROOT_CLASS = YES_ERROR;
				CLANG_WARN_UNREACHABLE_CODE = YES;
				CLANG_WARN__DUPLICATE_METHOD_MATCH = YES;
				"CODE_SIGN_IDENTITY[sdk=iphoneos*]" = "iPhone Developer";
				COPY_PHASE_STRIP = NO;
				DEBUG_INFORMATION_FORMAT = dwarf;
				ENABLE_STRICT_OBJC_MSGSEND = YES;
				ENABLE_TESTABILITY = YES;
				GCC_C_LANGUAGE_STANDARD = gnu99;
				GCC_DYNAMIC_NO_PIC = NO;
				GCC_NO_COMMON_BLOCKS = YES;
				GCC_OPTIMIZATION_LEVEL = 0;
				GCC_PREPROCESSOR_DEFINITIONS = (
					"DEBUG=1",
					"$(inherited)",
				);
				GCC_WARN_64_TO_32_BIT_CONVERSION = YES;
				GCC_WARN_ABOUT_RETURN_TYPE = YES_ERROR;
				GCC_WARN_UNDECLARED_SELECTOR = YES;
				GCC_WARN_UNINITIALIZED_AUTOS = YES_AGGRESSIVE;
				GCC_WARN_UNUSED_FUNCTION = YES;
				GCC_WARN_UNUSED_VARIABLE = YES;
				IPHONEOS_DEPLOYMENT_TARGET = 9.0;
				MTL_ENABLE_DEBUG_INFO = YES;
				ONLY_ACTIVE_ARCH = YES;
				SDKROOT = iphoneos;
				SWIFT_OPTIMIZATION_LEVEL = "-Onone";
				TARGETED_DEVICE_FAMILY = "1,2";
			};
			name = Debug;
		};
		4FE4EE041BF3F66B00FB7185 /* Release */ = {
			isa = XCBuildConfiguration;
			buildSettings = {
				ALWAYS_SEARCH_USER_PATHS = NO;
				CLANG_CXX_LANGUAGE_STANDARD = "gnu++0x";
				CLANG_CXX_LIBRARY = "libc++";
				CLANG_ENABLE_MODULES = YES;
				CLANG_ENABLE_OBJC_ARC = YES;
				CLANG_WARN_BOOL_CONVERSION = YES;
				CLANG_WARN_CONSTANT_CONVERSION = YES;
				CLANG_WARN_DIRECT_OBJC_ISA_USAGE = YES_ERROR;
				CLANG_WARN_EMPTY_BODY = YES;
				CLANG_WARN_ENUM_CONVERSION = YES;
				CLANG_WARN_INT_CONVERSION = YES;
				CLANG_WARN_OBJC_ROOT_CLASS = YES_ERROR;
				CLANG_WARN_UNREACHABLE_CODE = YES;
				CLANG_WARN__DUPLICATE_METHOD_MATCH = YES;
				"CODE_SIGN_IDENTITY[sdk=iphoneos*]" = "iPhone Developer";
				COPY_PHASE_STRIP = NO;
				DEBUG_INFORMATION_FORMAT = "dwarf-with-dsym";
				ENABLE_NS_ASSERTIONS = NO;
				ENABLE_STRICT_OBJC_MSGSEND = YES;
				GCC_C_LANGUAGE_STANDARD = gnu99;
				GCC_NO_COMMON_BLOCKS = YES;
				GCC_WARN_64_TO_32_BIT_CONVERSION = YES;
				GCC_WARN_ABOUT_RETURN_TYPE = YES_ERROR;
				GCC_WARN_UNDECLARED_SELECTOR = YES;
				GCC_WARN_UNINITIALIZED_AUTOS = YES_AGGRESSIVE;
				GCC_WARN_UNUSED_FUNCTION = YES;
				GCC_WARN_UNUSED_VARIABLE = YES;
				IPHONEOS_DEPLOYMENT_TARGET = 9.0;
				MTL_ENABLE_DEBUG_INFO = NO;
				SDKROOT = iphoneos;
				TARGETED_DEVICE_FAMILY = "1,2";
				VALIDATE_PRODUCT = YES;
			};
			name = Release;
		};
		4FE4EE061BF3F66B00FB7185 /* Debug */ = {
			isa = XCBuildConfiguration;
			buildSettings = {
				ASSETCATALOG_COMPILER_APPICON_NAME = AppIcon;
				INFOPLIST_FILE = PizzaPlace/Info.plist;
				LD_RUNPATH_SEARCH_PATHS = "$(inherited) @executable_path/Frameworks";
				PRODUCT_BUNDLE_IDENTIFIER = com.cbreeto.PizzaPlace;
				PRODUCT_NAME = "$(TARGET_NAME)";
			};
			name = Debug;
		};
		4FE4EE071BF3F66B00FB7185 /* Release */ = {
			isa = XCBuildConfiguration;
			buildSettings = {
				ASSETCATALOG_COMPILER_APPICON_NAME = AppIcon;
				INFOPLIST_FILE = PizzaPlace/Info.plist;
				LD_RUNPATH_SEARCH_PATHS = "$(inherited) @executable_path/Frameworks";
				PRODUCT_BUNDLE_IDENTIFIER = com.cbreeto.PizzaPlace;
				PRODUCT_NAME = "$(TARGET_NAME)";
			};
			name = Release;
		};
/* End XCBuildConfiguration section */

/* Begin XCConfigurationList section */
		4FE4EDEE1BF3F66B00FB7185 /* Build configuration list for PBXProject "PizzaPlace" */ = {
			isa = XCConfigurationList;
			buildConfigurations = (
				4FE4EE031BF3F66B00FB7185 /* Debug */,
				4FE4EE041BF3F66B00FB7185 /* Release */,
			);
			defaultConfigurationIsVisible = 0;
			defaultConfigurationName = Release;
		};
		4FE4EE051BF3F66B00FB7185 /* Build configuration list for PBXNativeTarget "PizzaPlace" */ = {
			isa = XCConfigurationList;
			buildConfigurations = (
				4FE4EE061BF3F66B00FB7185 /* Debug */,
				4FE4EE071BF3F66B00FB7185 /* Release */,
			);
			defaultConfigurationIsVisible = 0;
			defaultConfigurationName = Release;
		};
/* End XCConfigurationList section */
	};
	rootObject = 4FE4EDEB1BF3F66B00FB7185 /* Project object */;
}
